// !$*UTF8*$!
{
	archiveVersion = 1;
	classes = {
	};
	objectVersion = 77;
	objects = {

/* Begin PBXContainerItemProxy section */
		0DBF5AE62D00D59100DB3FF0 /* PBXContainerItemProxy */ = {
			isa = PBXContainerItemProxy;
			containerPortal = 0DBF5AC72D00D58C00DB3FF0 /* Project object */;
			proxyType = 1;
			remoteGlobalIDString = 0DBF5ACE2D00D58C00DB3FF0;
			remoteInfo = CleanrStoryboard;
		};
		0DBF5AF02D00D59100DB3FF0 /* PBXContainerItemProxy */ = {
			isa = PBXContainerItemProxy;
			containerPortal = 0DBF5AC72D00D58C00DB3FF0 /* Project object */;
			proxyType = 1;
			remoteGlobalIDString = 0DBF5ACE2D00D58C00DB3FF0;
			remoteInfo = CleanrStoryboard;
		};
/* End PBXContainerItemProxy section */

/* Begin PBXFileReference section */
		0DBF5ACF2D00D58C00DB3FF0 /* CleanrStoryboard.app */ = {isa = PBXFileReference; explicitFileType = wrapper.application; includeInIndex = 0; path = CleanrStoryboard.app; sourceTree = BUILT_PRODUCTS_DIR; };
		0DBF5AE52D00D59100DB3FF0 /* CleanrStoryboardTests.xctest */ = {isa = PBXFileReference; explicitFileType = wrapper.cfbundle; includeInIndex = 0; path = CleanrStoryboardTests.xctest; sourceTree = BUILT_PRODUCTS_DIR; };
		0DBF5AEF2D00D59100DB3FF0 /* CleanrStoryboardUITests.xctest */ = {isa = PBXFileReference; explicitFileType = wrapper.cfbundle; includeInIndex = 0; path = CleanrStoryboardUITests.xctest; sourceTree = BUILT_PRODUCTS_DIR; };
/* End PBXFileReference section */

/* Begin PBXFileSystemSynchronizedBuildFileExceptionSet section */
		0DBF5AF72D00D59100DB3FF0 /* Exceptions for "CleanrStoryboard" folder in "CleanrStoryboard" target */ = {
			isa = PBXFileSystemSynchronizedBuildFileExceptionSet;
			membershipExceptions = (
				Info.plist,
			);
			target = 0DBF5ACE2D00D58C00DB3FF0 /* CleanrStoryboard */;
		};
/* End PBXFileSystemSynchronizedBuildFileExceptionSet section */

/* Begin PBXFileSystemSynchronizedRootGroup section */
		0DBF5AD12D00D58C00DB3FF0 /* CleanrStoryboard */ = {
			isa = PBXFileSystemSynchronizedRootGroup;
			exceptions = (
				0DBF5AF72D00D59100DB3FF0 /* Exceptions for "CleanrStoryboard" folder in "CleanrStoryboard" target */,
			);
			path = CleanrStoryboard;
			sourceTree = "<group>";
		};
		0DBF5AE82D00D59100DB3FF0 /* CleanrStoryboardTests */ = {
			isa = PBXFileSystemSynchronizedRootGroup;
			path = CleanrStoryboardTests;
			sourceTree = "<group>";
		};
		0DBF5AF22D00D59100DB3FF0 /* CleanrStoryboardUITests */ = {
			isa = PBXFileSystemSynchronizedRootGroup;
			path = CleanrStoryboardUITests;
			sourceTree = "<group>";
		};
/* End PBXFileSystemSynchronizedRootGroup section */

/* Begin PBXFrameworksBuildPhase section */
		0DBF5ACC2D00D58C00DB3FF0 /* Frameworks */ = {
			isa = PBXFrameworksBuildPhase;
			buildActionMask = 2147483647;
			files = (
			);
			runOnlyForDeploymentPostprocessing = 0;
		};
		0DBF5AE22D00D59100DB3FF0 /* Frameworks */ = {
			isa = PBXFrameworksBuildPhase;
			buildActionMask = 2147483647;
			files = (
			);
			runOnlyForDeploymentPostprocessing = 0;
		};
		0DBF5AEC2D00D59100DB3FF0 /* Frameworks */ = {
			isa = PBXFrameworksBuildPhase;
			buildActionMask = 2147483647;
			files = (
			);
			runOnlyForDeploymentPostprocessing = 0;
		};
/* End PBXFrameworksBuildPhase section */

/* Begin PBXGroup section */
		0DBF5AC62D00D58C00DB3FF0 = {
			isa = PBXGroup;
			children = (
				0DBF5AD12D00D58C00DB3FF0 /* CleanrStoryboard */,
				0DBF5AE82D00D59100DB3FF0 /* CleanrStoryboardTests */,
				0DBF5AF22D00D59100DB3FF0 /* CleanrStoryboardUITests */,
				0DBF5AD02D00D58C00DB3FF0 /* Products */,
			);
			sourceTree = "<group>";
		};
		0DBF5AD02D00D58C00DB3FF0 /* Products */ = {
			isa = PBXGroup;
			children = (
				0DBF5ACF2D00D58C00DB3FF0 /* CleanrStoryboard.app */,
				0DBF5AE52D00D59100DB3FF0 /* CleanrStoryboardTests.xctest */,
				0DBF5AEF2D00D59100DB3FF0 /* CleanrStoryboardUITests.xctest */,
			);
			name = Products;
			sourceTree = "<group>";
		};
/* End PBXGroup section */

/* Begin PBXNativeTarget section */
		0DBF5ACE2D00D58C00DB3FF0 /* CleanrStoryboard */ = {
			isa = PBXNativeTarget;
			buildConfigurationList = 0DBF5AF82D00D59100DB3FF0 /* Build configuration list for PBXNativeTarget "CleanrStoryboard" */;
			buildPhases = (
				0DBF5ACB2D00D58C00DB3FF0 /* Sources */,
				0DBF5ACC2D00D58C00DB3FF0 /* Frameworks */,
				0DBF5ACD2D00D58C00DB3FF0 /* Resources */,
			);
			buildRules = (
			);
			dependencies = (
			);
			fileSystemSynchronizedGroups = (
				0DBF5AD12D00D58C00DB3FF0 /* CleanrStoryboard */,
			);
			name = CleanrStoryboard;
			packageProductDependencies = (
			);
			productName = CleanrStoryboard;
			productReference = 0DBF5ACF2D00D58C00DB3FF0 /* CleanrStoryboard.app */;
			productType = "com.apple.product-type.application";
		};
		0DBF5AE42D00D59100DB3FF0 /* CleanrStoryboardTests */ = {
			isa = PBXNativeTarget;
			buildConfigurationList = 0DBF5AFD2D00D59100DB3FF0 /* Build configuration list for PBXNativeTarget "CleanrStoryboardTests" */;
			buildPhases = (
				0DBF5AE12D00D59100DB3FF0 /* Sources */,
				0DBF5AE22D00D59100DB3FF0 /* Frameworks */,
				0DBF5AE32D00D59100DB3FF0 /* Resources */,
			);
			buildRules = (
			);
			dependencies = (
				0DBF5AE72D00D59100DB3FF0 /* PBXTargetDependency */,
			);
			fileSystemSynchronizedGroups = (
				0DBF5AE82D00D59100DB3FF0 /* CleanrStoryboardTests */,
			);
			name = CleanrStoryboardTests;
			packageProductDependencies = (
			);
			productName = CleanrStoryboardTests;
			productReference = 0DBF5AE52D00D59100DB3FF0 /* CleanrStoryboardTests.xctest */;
			productType = "com.apple.product-type.bundle.unit-test";
		};
		0DBF5AEE2D00D59100DB3FF0 /* CleanrStoryboardUITests */ = {
			isa = PBXNativeTarget;
			buildConfigurationList = 0DBF5B002D00D59100DB3FF0 /* Build configuration list for PBXNativeTarget "CleanrStoryboardUITests" */;
			buildPhases = (
				0DBF5AEB2D00D59100DB3FF0 /* Sources */,
				0DBF5AEC2D00D59100DB3FF0 /* Frameworks */,
				0DBF5AED2D00D59100DB3FF0 /* Resources */,
			);
			buildRules = (
			);
			dependencies = (
				0DBF5AF12D00D59100DB3FF0 /* PBXTargetDependency */,
			);
			fileSystemSynchronizedGroups = (
				0DBF5AF22D00D59100DB3FF0 /* CleanrStoryboardUITests */,
			);
			name = CleanrStoryboardUITests;
			packageProductDependencies = (
			);
			productName = CleanrStoryboardUITests;
			productReference = 0DBF5AEF2D00D59100DB3FF0 /* CleanrStoryboardUITests.xctest */;
			productType = "com.apple.product-type.bundle.ui-testing";
		};
/* End PBXNativeTarget section */

/* Begin PBXProject section */
		0DBF5AC72D00D58C00DB3FF0 /* Project object */ = {
			isa = PBXProject;
			attributes = {
				BuildIndependentTargetsInParallel = 1;
				LastSwiftUpdateCheck = 1600;
				LastUpgradeCheck = 1600;
				TargetAttributes = {
					0DBF5ACE2D00D58C00DB3FF0 = {
						CreatedOnToolsVersion = 16.0;
					};
					0DBF5AE42D00D59100DB3FF0 = {
						CreatedOnToolsVersion = 16.0;
						TestTargetID = 0DBF5ACE2D00D58C00DB3FF0;
					};
					0DBF5AEE2D00D59100DB3FF0 = {
						CreatedOnToolsVersion = 16.0;
						TestTargetID = 0DBF5ACE2D00D58C00DB3FF0;
					};
				};
			};
			buildConfigurationList = 0DBF5ACA2D00D58C00DB3FF0 /* Build configuration list for PBXProject "CleanrStoryboard" */;
			developmentRegion = en;
			hasScannedForEncodings = 0;
			knownRegions = (
				en,
				Base,
			);
			mainGroup = 0DBF5AC62D00D58C00DB3FF0;
			minimizedProjectReferenceProxies = 1;
			preferredProjectObjectVersion = 77;
			productRefGroup = 0DBF5AD02D00D58C00DB3FF0 /* Products */;
			projectDirPath = "";
			projectRoot = "";
			targets = (
				0DBF5ACE2D00D58C00DB3FF0 /* CleanrStoryboard */,
				0DBF5AE42D00D59100DB3FF0 /* CleanrStoryboardTests */,
				0DBF5AEE2D00D59100DB3FF0 /* CleanrStoryboardUITests */,
			);
		};
/* End PBXProject section */

/* Begin PBXResourcesBuildPhase section */
		0DBF5ACD2D00D58C00DB3FF0 /* Resources */ = {
			isa = PBXResourcesBuildPhase;
			buildActionMask = 2147483647;
			files = (
			);
			runOnlyForDeploymentPostprocessing = 0;
		};
		0DBF5AE32D00D59100DB3FF0 /* Resources */ = {
			isa = PBXResourcesBuildPhase;
			buildActionMask = 2147483647;
			files = (
			);
			runOnlyForDeploymentPostprocessing = 0;
		};
		0DBF5AED2D00D59100DB3FF0 /* Resources */ = {
			isa = PBXResourcesBuildPhase;
			buildActionMask = 2147483647;
			files = (
			);
			runOnlyForDeploymentPostprocessing = 0;
		};
/* End PBXResourcesBuildPhase section */

/* Begin PBXSourcesBuildPhase section */
		0DBF5ACB2D00D58C00DB3FF0 /* Sources */ = {
			isa = PBXSourcesBuildPhase;
			buildActionMask = 2147483647;
			files = (
			);
			runOnlyForDeploymentPostprocessing = 0;
		};
		0DBF5AE12D00D59100DB3FF0 /* Sources */ = {
			isa = PBXSourcesBuildPhase;
			buildActionMask = 2147483647;
			files = (
			);
			runOnlyForDeploymentPostprocessing = 0;
		};
		0DBF5AEB2D00D59100DB3FF0 /* Sources */ = {
			isa = PBXSourcesBuildPhase;
			buildActionMask = 2147483647;
			files = (
			);
			runOnlyForDeploymentPostprocessing = 0;
		};
/* End PBXSourcesBuildPhase section */

/* Begin PBXTargetDependency section */
		0DBF5AE72D00D59100DB3FF0 /* PBXTargetDependency */ = {
			isa = PBXTargetDependency;
			target = 0DBF5ACE2D00D58C00DB3FF0 /* CleanrStoryboard */;
			targetProxy = 0DBF5AE62D00D59100DB3FF0 /* PBXContainerItemProxy */;
		};
		0DBF5AF12D00D59100DB3FF0 /* PBXTargetDependency */ = {
			isa = PBXTargetDependency;
			target = 0DBF5ACE2D00D58C00DB3FF0 /* CleanrStoryboard */;
			targetProxy = 0DBF5AF02D00D59100DB3FF0 /* PBXContainerItemProxy */;
		};
/* End PBXTargetDependency section */

/* Begin XCBuildConfiguration section */
		0DBF5AF92D00D59100DB3FF0 /* Debug */ = {
			isa = XCBuildConfiguration;
			buildSettings = {
				ASSETCATALOG_COMPILER_APPICON_NAME = AppIcon;
				ASSETCATALOG_COMPILER_GLOBAL_ACCENT_COLOR_NAME = AccentColor;
				CODE_SIGN_STYLE = Automatic;
				CURRENT_PROJECT_VERSION = 1;
				DEVELOPMENT_TEAM = XQVQALG694;
				GENERATE_INFOPLIST_FILE = YES;
				INFOPLIST_FILE = CleanrStoryboard/Info.plist;
				INFOPLIST_KEY_NSCameraUsageDescription = "Camera access is required to automate the task creaton process.";
				INFOPLIST_KEY_UIApplicationSupportsIndirectInputEvents = YES;
				INFOPLIST_KEY_UILaunchStoryboardName = LaunchScreen;
				INFOPLIST_KEY_UIMainStoryboardFile = Main;
				INFOPLIST_KEY_UISupportedInterfaceOrientations_iPad = "UIInterfaceOrientationPortrait UIInterfaceOrientationPortraitUpsideDown UIInterfaceOrientationLandscapeLeft UIInterfaceOrientationLandscapeRight";
				INFOPLIST_KEY_UISupportedInterfaceOrientations_iPhone = "UIInterfaceOrientationPortrait UIInterfaceOrientationLandscapeLeft UIInterfaceOrientationLandscapeRight";
				LD_RUNPATH_SEARCH_PATHS = (
					"$(inherited)",
					"@executable_path/Frameworks",
				);
				MARKETING_VERSION = 1.0;
				PRODUCT_BUNDLE_IDENTIFIER = com.zavierhofstetter.CleanrStoryboard;
				PRODUCT_NAME = "$(TARGET_NAME)";
				SWIFT_EMIT_LOC_STRINGS = YES;
				SWIFT_VERSION = 5.0;
				TARGETED_DEVICE_FAMILY = "1,2";
			};
			name = Debug;
		};
		0DBF5AFA2D00D59100DB3FF0 /* Release */ = {
			isa = XCBuildConfiguration;
			buildSettings = {
				ASSETCATALOG_COMPILER_APPICON_NAME = AppIcon;
				ASSETCATALOG_COMPILER_GLOBAL_ACCENT_COLOR_NAME = AccentColor;
				CODE_SIGN_STYLE = Automatic;
				CURRENT_PROJECT_VERSION = 1;
				DEVELOPMENT_TEAM = XQVQALG694;
				GENERATE_INFOPLIST_FILE = YES;
				INFOPLIST_FILE = CleanrStoryboard/Info.plist;
				INFOPLIST_KEY_NSCameraUsageDescription = "Camera access is required to automate the task creaton process.";
				INFOPLIST_KEY_UIApplicationSupportsIndirectInputEvents = YES;
				INFOPLIST_KEY_UILaunchStoryboardName = LaunchScreen;
				INFOPLIST_KEY_UIMainStoryboardFile = Main;
				INFOPLIST_KEY_UISupportedInterfaceOrientations_iPad = "UIInterfaceOrientationPortrait UIInterfaceOrientationPortraitUpsideDown UIInterfaceOrientationLandscapeLeft UIInterfaceOrientationLandscapeRight";
				INFOPLIST_KEY_UISupportedInterfaceOrientations_iPhone = "UIInterfaceOrientationPortrait UIInterfaceOrientationLandscapeLeft UIInterfaceOrientationLandscapeRight";
				LD_RUNPATH_SEARCH_PATHS = (
					"$(inherited)",
					"@executable_path/Frameworks",
				);
				MARKETING_VERSION = 1.0;
				PRODUCT_BUNDLE_IDENTIFIER = com.zavierhofstetter.CleanrStoryboard;
				PRODUCT_NAME = "$(TARGET_NAME)";
				SWIFT_EMIT_LOC_STRINGS = YES;
				SWIFT_VERSION = 5.0;
				TARGETED_DEVICE_FAMILY = "1,2";
			};
			name = Release;
		};
		0DBF5AFB2D00D59100DB3FF0 /* Debug */ = {
			isa = XCBuildConfiguration;
			buildSettings = {
				ALWAYS_SEARCH_USER_PATHS = NO;
				ASSETCATALOG_COMPILER_GENERATE_SWIFT_ASSET_SYMBOL_EXTENSIONS = YES;
				CLANG_ANALYZER_NONNULL = YES;
				CLANG_ANALYZER_NUMBER_OBJECT_CONVERSION = YES_AGGRESSIVE;
				CLANG_CXX_LANGUAGE_STANDARD = "gnu++20";
				CLANG_ENABLE_MODULES = YES;
				CLANG_ENABLE_OBJC_ARC = YES;
				CLANG_ENABLE_OBJC_WEAK = YES;
				CLANG_WARN_BLOCK_CAPTURE_AUTORELEASING = YES;
				CLANG_WARN_BOOL_CONVERSION = YES;
				CLANG_WARN_COMMA = YES;
				CLANG_WARN_CONSTANT_CONVERSION = YES;
				CLANG_WARN_DEPRECATED_OBJC_IMPLEMENTATIONS = YES;
				CLANG_WARN_DIRECT_OBJC_ISA_USAGE = YES_ERROR;
				CLANG_WARN_DOCUMENTATION_COMMENTS = YES;
				CLANG_WARN_EMPTY_BODY = YES;
				CLANG_WARN_ENUM_CONVERSION = YES;
				CLANG_WARN_INFINITE_RECURSION = YES;
				CLANG_WARN_INT_CONVERSION = YES;
				CLANG_WARN_NON_LITERAL_NULL_CONVERSION = YES;
				CLANG_WARN_OBJC_IMPLICIT_RETAIN_SELF = YES;
				CLANG_WARN_OBJC_LITERAL_CONVERSION = YES;
				CLANG_WARN_OBJC_ROOT_CLASS = YES_ERROR;
				CLANG_WARN_QUOTED_INCLUDE_IN_FRAMEWORK_HEADER = YES;
				CLANG_WARN_RANGE_LOOP_ANALYSIS = YES;
				CLANG_WARN_STRICT_PROTOTYPES = YES;
				CLANG_WARN_SUSPICIOUS_MOVE = YES;
				CLANG_WARN_UNGUARDED_AVAILABILITY = YES_AGGRESSIVE;
				CLANG_WARN_UNREACHABLE_CODE = YES;
				CLANG_WARN__DUPLICATE_METHOD_MATCH = YES;
				COPY_PHASE_STRIP = NO;
				DEBUG_INFORMATION_FORMAT = dwarf;
				ENABLE_STRICT_OBJC_MSGSEND = YES;
				ENABLE_TESTABILITY = YES;
				ENABLE_USER_SCRIPT_SANDBOXING = YES;
				GCC_C_LANGUAGE_STANDARD = gnu17;
				GCC_DYNAMIC_NO_PIC = NO;
				GCC_NO_COMMON_BLOCKS = YES;
				GCC_OPTIMIZATION_LEVEL = 0;
				GCC_PREPROCESSOR_DEFINITIONS = (
					"DEBUG=1",
					"$(inherited)",
				);
				GCC_WARN_64_TO_32_BIT_CONVERSION = YES;
				GCC_WARN_ABOUT_RETURN_TYPE = YES_ERROR;
				GCC_WARN_UNDECLARED_SELECTOR = YES;
				GCC_WARN_UNINITIALIZED_AUTOS = YES_AGGRESSIVE;
				GCC_WARN_UNUSED_FUNCTION = YES;
				GCC_WARN_UNUSED_VARIABLE = YES;
				IPHONEOS_DEPLOYMENT_TARGET = 18.0;
				LOCALIZATION_PREFERS_STRING_CATALOGS = YES;
				MTL_ENABLE_DEBUG_INFO = INCLUDE_SOURCE;
				MTL_FAST_MATH = YES;
				ONLY_ACTIVE_ARCH = YES;
				SDKROOT = iphoneos;
				SWIFT_ACTIVE_COMPILATION_CONDITIONS = "DEBUG $(inherited)";
				SWIFT_OPTIMIZATION_LEVEL = "-Onone";
			};
			name = Debug;
		};
		0DBF5AFC2D00D59100DB3FF0 /* Release */ = {
			isa = XCBuildConfiguration;
			buildSettings = {
				ALWAYS_SEARCH_USER_PATHS = NO;
				ASSETCATALOG_COMPILER_GENERATE_SWIFT_ASSET_SYMBOL_EXTENSIONS = YES;
				CLANG_ANALYZER_NONNULL = YES;
				CLANG_ANALYZER_NUMBER_OBJECT_CONVERSION = YES_AGGRESSIVE;
				CLANG_CXX_LANGUAGE_STANDARD = "gnu++20";
				CLANG_ENABLE_MODULES = YES;
				CLANG_ENABLE_OBJC_ARC = YES;
				CLANG_ENABLE_OBJC_WEAK = YES;
				CLANG_WARN_BLOCK_CAPTURE_AUTORELEASING = YES;
				CLANG_WARN_BOOL_CONVERSION = YES;
				CLANG_WARN_COMMA = YES;
				CLANG_WARN_CONSTANT_CONVERSION = YES;
				CLANG_WARN_DEPRECATED_OBJC_IMPLEMENTATIONS = YES;
				CLANG_WARN_DIRECT_OBJC_ISA_USAGE = YES_ERROR;
				CLANG_WARN_DOCUMENTATION_COMMENTS = YES;
				CLANG_WARN_EMPTY_BODY = YES;
				CLANG_WARN_ENUM_CONVERSION = YES;
				CLANG_WARN_INFINITE_RECURSION = YES;
				CLANG_WARN_INT_CONVERSION = YES;
				CLANG_WARN_NON_LITERAL_NULL_CONVERSION = YES;
				CLANG_WARN_OBJC_IMPLICIT_RETAIN_SELF = YES;
				CLANG_WARN_OBJC_LITERAL_CONVERSION = YES;
				CLANG_WARN_OBJC_ROOT_CLASS = YES_ERROR;
				CLANG_WARN_QUOTED_INCLUDE_IN_FRAMEWORK_HEADER = YES;
				CLANG_WARN_RANGE_LOOP_ANALYSIS = YES;
				CLANG_WARN_STRICT_PROTOTYPES = YES;
				CLANG_WARN_SUSPICIOUS_MOVE = YES;
				CLANG_WARN_UNGUARDED_AVAILABILITY = YES_AGGRESSIVE;
				CLANG_WARN_UNREACHABLE_CODE = YES;
				CLANG_WARN__DUPLICATE_METHOD_MATCH = YES;
				COPY_PHASE_STRIP = NO;
				DEBUG_INFORMATION_FORMAT = "dwarf-with-dsym";
				ENABLE_NS_ASSERTIONS = NO;
				ENABLE_STRICT_OBJC_MSGSEND = YES;
				ENABLE_USER_SCRIPT_SANDBOXING = YES;
				GCC_C_LANGUAGE_STANDARD = gnu17;
				GCC_NO_COMMON_BLOCKS = YES;
				GCC_WARN_64_TO_32_BIT_CONVERSION = YES;
				GCC_WARN_ABOUT_RETURN_TYPE = YES_ERROR;
				GCC_WARN_UNDECLARED_SELECTOR = YES;
				GCC_WARN_UNINITIALIZED_AUTOS = YES_AGGRESSIVE;
				GCC_WARN_UNUSED_FUNCTION = YES;
				GCC_WARN_UNUSED_VARIABLE = YES;
				IPHONEOS_DEPLOYMENT_TARGET = 18.0;
				LOCALIZATION_PREFERS_STRING_CATALOGS = YES;
				MTL_ENABLE_DEBUG_INFO = NO;
				MTL_FAST_MATH = YES;
				SDKROOT = iphoneos;
				SWIFT_COMPILATION_MODE = wholemodule;
				VALIDATE_PRODUCT = YES;
			};
			name = Release;
		};
		0DBF5AFE2D00D59100DB3FF0 /* Debug */ = {
			isa = XCBuildConfiguration;
			buildSettings = {
				BUNDLE_LOADER = "$(TEST_HOST)";
				CODE_SIGN_STYLE = Automatic;
				CURRENT_PROJECT_VERSION = 1;
				DEVELOPMENT_TEAM = XQVQALG694;
				GENERATE_INFOPLIST_FILE = YES;
				IPHONEOS_DEPLOYMENT_TARGET = 18.0;
				MARKETING_VERSION = 1.0;
				PRODUCT_BUNDLE_IDENTIFIER = com.zavierhofstetter.CleanrStoryboardTests;
				PRODUCT_NAME = "$(TARGET_NAME)";
				SWIFT_EMIT_LOC_STRINGS = NO;
				SWIFT_VERSION = 5.0;
				TARGETED_DEVICE_FAMILY = "1,2";
				TEST_HOST = "$(BUILT_PRODUCTS_DIR)/CleanrStoryboard.app/$(BUNDLE_EXECUTABLE_FOLDER_PATH)/CleanrStoryboard";
			};
			name = Debug;
		};
		0DBF5AFF2D00D59100DB3FF0 /* Release */ = {
			isa = XCBuildConfiguration;
			buildSettings = {
				BUNDLE_LOADER = "$(TEST_HOST)";
				CODE_SIGN_STYLE = Automatic;
				CURRENT_PROJECT_VERSION = 1;
				DEVELOPMENT_TEAM = XQVQALG694;
				GENERATE_INFOPLIST_FILE = YES;
				IPHONEOS_DEPLOYMENT_TARGET = 18.0;
				MARKETING_VERSION = 1.0;
				PRODUCT_BUNDLE_IDENTIFIER = com.zavierhofstetter.CleanrStoryboardTests;
				PRODUCT_NAME = "$(TARGET_NAME)";
				SWIFT_EMIT_LOC_STRINGS = NO;
				SWIFT_VERSION = 5.0;
				TARGETED_DEVICE_FAMILY = "1,2";
				TEST_HOST = "$(BUILT_PRODUCTS_DIR)/CleanrStoryboard.app/$(BUNDLE_EXECUTABLE_FOLDER_PATH)/CleanrStoryboard";
			};
			name = Release;
		};
		0DBF5B012D00D59100DB3FF0 /* Debug */ = {
			isa = XCBuildConfiguration;
			buildSettings = {
				CODE_SIGN_STYLE = Automatic;
				CURRENT_PROJECT_VERSION = 1;
				DEVELOPMENT_TEAM = XQVQALG694;
				GENERATE_INFOPLIST_FILE = YES;
				MARKETING_VERSION = 1.0;
				PRODUCT_BUNDLE_IDENTIFIER = com.zavierhofstetter.CleanrStoryboardUITests;
				PRODUCT_NAME = "$(TARGET_NAME)";
				SWIFT_EMIT_LOC_STRINGS = NO;
				SWIFT_VERSION = 5.0;
				TARGETED_DEVICE_FAMILY = "1,2";
				TEST_TARGET_NAME = CleanrStoryboard;
			};
			name = Debug;
		};
		0DBF5B022D00D59100DB3FF0 /* Release */ = {
			isa = XCBuildConfiguration;
			buildSettings = {
				CODE_SIGN_STYLE = Automatic;
				CURRENT_PROJECT_VERSION = 1;
				DEVELOPMENT_TEAM = XQVQALG694;
				GENERATE_INFOPLIST_FILE = YES;
				MARKETING_VERSION = 1.0;
				PRODUCT_BUNDLE_IDENTIFIER = com.zavierhofstetter.CleanrStoryboardUITests;
				PRODUCT_NAME = "$(TARGET_NAME)";
				SWIFT_EMIT_LOC_STRINGS = NO;
				SWIFT_VERSION = 5.0;
				TARGETED_DEVICE_FAMILY = "1,2";
				TEST_TARGET_NAME = CleanrStoryboard;
			};
			name = Release;
		};
/* End XCBuildConfiguration section */

/* Begin XCConfigurationList section */
		0DBF5ACA2D00D58C00DB3FF0 /* Build configuration list for PBXProject "CleanrStoryboard" */ = {
			isa = XCConfigurationList;
			buildConfigurations = (
				0DBF5AFB2D00D59100DB3FF0 /* Debug */,
				0DBF5AFC2D00D59100DB3FF0 /* Release */,
			);
			defaultConfigurationIsVisible = 0;
			defaultConfigurationName = Release;
		};
		0DBF5AF82D00D59100DB3FF0 /* Build configuration list for PBXNativeTarget "CleanrStoryboard" */ = {
			isa = XCConfigurationList;
			buildConfigurations = (
				0DBF5AF92D00D59100DB3FF0 /* Debug */,
				0DBF5AFA2D00D59100DB3FF0 /* Release */,
			);
			defaultConfigurationIsVisible = 0;
			defaultConfigurationName = Release;
		};
		0DBF5AFD2D00D59100DB3FF0 /* Build configuration list for PBXNativeTarget "CleanrStoryboardTests" */ = {
			isa = XCConfigurationList;
			buildConfigurations = (
				0DBF5AFE2D00D59100DB3FF0 /* Debug */,
				0DBF5AFF2D00D59100DB3FF0 /* Release */,
			);
			defaultConfigurationIsVisible = 0;
			defaultConfigurationName = Release;
		};
		0DBF5B002D00D59100DB3FF0 /* Build configuration list for PBXNativeTarget "CleanrStoryboardUITests" */ = {
			isa = XCConfigurationList;
			buildConfigurations = (
				0DBF5B012D00D59100DB3FF0 /* Debug */,
				0DBF5B022D00D59100DB3FF0 /* Release */,
			);
			defaultConfigurationIsVisible = 0;
			defaultConfigurationName = Release;
		};
/* End XCConfigurationList section */
	};
	rootObject = 0DBF5AC72D00D58C00DB3FF0 /* Project object */;
}
